<?xml version="1.0" encoding="utf-8"?>
<Project ToolsVersion="4.0" xmlns="http://schemas.microsoft.com/developer/msbuild/2003">
  <ItemGroup>
    <Filter Include="Resource Files">
      <UniqueIdentifier>{67DA6AB6-F800-4c08-8B7A-83BB121AAD01}</UniqueIdentifier>
      <Extensions>rc;ico;cur;bmp;dlg;rc2;rct;bin;rgs;gif;jpg;jpeg;jpe;resx;tiff;tif;png;wav;mfcribbon-ms</Extensions>
    </Filter>
    <Filter Include="Shaders">
      <UniqueIdentifier>{41acd9c6-98f1-49fc-8fca-40ed46f8fd4b}</UniqueIdentifier>
      <Extensions>hlsl</Extensions>
    </Filter>
    <Filter Include="Source">
      <UniqueIdentifier>{f1b21a6b-dac1-4ad1-9401-4f05f4d3ec36}</UniqueIdentifier>
    </Filter>
  </ItemGroup>
  <ItemGroup>
    <Text Include="ReadMe.txt" />
    <Text Include="lib\imgui\LICENSE.txt" />
  </ItemGroup>
  <ItemGroup>
    <ResourceCompile Include="ZenRen.rc">
      <Filter>Resource Files</Filter>
    </ResourceCompile>
  </ItemGroup>
  <ItemGroup>
    <Image Include="small.ico">
      <Filter>Resource Files</Filter>
    </Image>
    <Image Include="ZenRen.ico">
      <Filter>Resource Files</Filter>
    </Image>
  </ItemGroup>
  <ItemGroup>
    <None Include="Shaders\toneMapping.hlsl">
      <Filter>Shaders</Filter>
    </None>
    <None Include="Shaders\wireframe.hlsl">
      <Filter>Shaders</Filter>
    </None>
    <None Include="Shaders\mainPass.hlsl">
      <Filter>Shaders</Filter>
    </None>
    <None Include="Shaders\renderToTexture.hlsl">
      <Filter>Shaders</Filter>
    </None>
    <None Include="Shaders\depthPrepass.hlsl">
      <Filter>Shaders</Filter>
    </None>
    <None Include="packages.config" />
    <None Include="Shaders\sky.hlsl">
      <Filter>Shaders</Filter>
    </None>
  </ItemGroup>
  <ItemGroup>
    <ClCompile Include="src\Util.cpp">
      <Filter>Source</Filter>
    </ClCompile>
    <ClCompile Include="stdafx.cpp" />
    <ClCompile Include="src\viewer\InitApp.cpp">
      <Filter>Source</Filter>
    </ClCompile>
    <ClCompile Include="src\render\Renderer.cpp">
      <Filter>Source</Filter>
    </ClCompile>
    <ClCompile Include="src\render\Shader.cpp">
      <Filter>Source</Filter>
    </ClCompile>
    <ClCompile Include="src\render\ShaderManager.cpp">
      <Filter>Source</Filter>
    </ClCompile>
    <ClCompile Include="src\viewer\TimerPrecision.cpp">
      <Filter>Source</Filter>
    </ClCompile>
    <ClCompile Include="src\viewer\GameLoop.cpp" />
    <ClCompile Include="src\render\Gui.cpp" />
    <ClCompile Include="lib\imgui\imgui.cpp" />
    <ClCompile Include="lib\imgui\imgui_draw.cpp" />
    <ClCompile Include="lib\imgui\imgui_impl_dx11.cpp" />
    <ClCompile Include="lib\imgui\imgui_impl_win32.cpp" />
    <ClCompile Include="lib\imgui\imgui_tables.cpp" />
    <ClCompile Include="lib\imgui\imgui_widgets.cpp" />
    <ClCompile Include="src\render\Camera.cpp" />
    <ClCompile Include="src\viewer\Input.cpp" />
    <ClCompile Include="src\viewer\PerfStats.cpp" />
    <ClCompile Include="src\render\pass\PassPost.cpp" />
    <ClCompile Include="src\render\pass\PassWorld.cpp" />
    <ClCompile Include="src\imgui\imgui_custom.cpp" />
    <ClCompile Include="src\render\Texture.cpp" />
    <ClCompile Include="src\render\SettingsGui.cpp" />
    <ClCompile Include="src\assets\DebugTextures.cpp" />
    <ClCompile Include="src\assets\ZenLoader.cpp" />
    <ClCompile Include="src\assets\ObjLoader.cpp" />
    <ClCompile Include="src\render\RenderUtil.cpp" />
    <ClCompile Include="src\viewer\Actions.cpp" />
    <ClCompile Include="src\assets\MeshFromVdfLoader.cpp" />
    <ClCompile Include="src\render\Common.cpp" />
    <ClCompile Include="src\render\pass\PassForward.cpp" />
    <ClCompile Include="src\assets\AssetFinder.cpp" />
    <ClCompile Include="src\viewer\Args.cpp" />
    <ClCompile Include="src\assets\TexFromVdfLoader.cpp" />
    <ClCompile Include="src\render\MeshUtil.cpp" />
    <ClCompile Include="src\assets\LookupTrees.cpp" />
    <ClCompile Include="src\assets\FindGroundFace.cpp" />
    <ClCompile Include="src\assets\DebugMeshes.cpp" />
    <ClCompile Include="src\assets\StaticLightFromVobLights.cpp" />
    <ClCompile Include="src\render\Sky.cpp" />
    <ClCompile Include="src\render\pass\PassSky.cpp" />
    <ClCompile Include="src\render\Settings.cpp" />
    <ClCompile Include="src\assets\AssetCache.cpp" />
  </ItemGroup>
  <ItemGroup>
    <ClInclude Include="src\Util.h">
      <Filter>Source</Filter>
    </ClInclude>
    <ClInclude Include="stdafx.h" />
    <ClInclude Include="targetver.h" />
    <ClInclude Include="src\viewer\InitApp.h">
      <Filter>Source</Filter>
    </ClInclude>
    <ClInclude Include="resource.h" />
    <ClInclude Include="src\render\Renderer.h">
      <Filter>Source</Filter>
    </ClInclude>
    <ClInclude Include="src\render\Shader.h">
      <Filter>Source</Filter>
    </ClInclude>
    <ClInclude Include="src\render\ShaderManager.h">
      <Filter>Source</Filter>
    </ClInclude>
    <ClInclude Include="src\viewer\TimerPrecision.h">
      <Filter>Source</Filter>
    </ClInclude>
    <ClInclude Include="src\viewer\GameLoop.h" />
    <ClInclude Include="src\render\Gui.h" />
    <ClInclude Include="lib\imgui\imconfig.h" />
    <ClInclude Include="lib\imgui\imgui.h" />
    <ClInclude Include="lib\imgui\imgui_impl_dx11.h" />
    <ClInclude Include="lib\imgui\imgui_impl_win32.h" />
    <ClInclude Include="lib\imgui\imgui_internal.h" />
    <ClInclude Include="lib\imgui\imstb_rectpack.h" />
    <ClInclude Include="lib\imgui\imstb_textedit.h" />
    <ClInclude Include="lib\imgui\imstb_truetype.h" />
    <ClInclude Include="src\render\Camera.h" />
    <ClInclude Include="src\viewer\Input.h" />
    <ClInclude Include="src\viewer\PerfStats.h" />
    <ClInclude Include="src\render\pass\PassPost.h" />
    <ClInclude Include="src\render\pass\PassWorld.h" />
    <ClInclude Include="src\imgui\imgui_custom.h" />
    <ClInclude Include="src\render\dx11.h" />
    <ClInclude Include="src\render\Texture.h" />
    <ClInclude Include="lib\tinyobj\tiny_obj_loader.h" />
    <ClInclude Include="src\render\SettingsGui.h" />
    <ClInclude Include="src\assets\DebugTextures.h" />
    <ClInclude Include="src\assets\ZenLoader.h" />
    <ClInclude Include="src\assets\ObjLoader.h" />
    <ClInclude Include="src\render\RenderUtil.h" />
    <ClInclude Include="src\viewer\Actions.h" />
    <ClInclude Include="src\assets\MeshFromVdfLoader.h" />
    <ClInclude Include="src\render\Common.h" />
    <ClInclude Include="src\render\pass\PassForward.h" />
    <ClInclude Include="src\assets\AssetFinder.h" />
    <ClInclude Include="src\viewer\Args.h" />
    <ClInclude Include="src\assets\TexFromVdfLoader.h" />
    <ClInclude Include="src\render\MeshUtil.h" />
    <ClInclude Include="src\assets\LookupTrees.h" />
    <ClInclude Include="lib\octree_attcs\octree.h" />
    <ClInclude Include="lib\octree_attcs\octree_container.h" />
    <ClInclude Include="src\assets\FindGroundFace.h" />
    <ClInclude Include="src\assets\DebugMeshes.h" />
    <ClInclude Include="src\assets\StaticLightFromVobLights.h" />
    <ClInclude Include="src\render\Sky.h" />
    <ClInclude Include="src\render\pass\PassSky.h" />
    <ClInclude Include="src\render\Settings.h" />
    <ClInclude Include="src\render\Primitives.h" />
    <ClInclude Include="src\assets\AssetCache.h" />
  </ItemGroup>
</Project>