
Microsoft Visual Studio Solution File, Format Version 12.00
# Visual Studio Version 16
VisualStudioVersion = 16.0.32602.291
MinimumVisualStudioVersion = 10.0.40219.1
Project("{8BC9CEB8-8B4A-11D0-8D11-00A0C91BC942}") = "G3D11App", "G3D11App\G3D11App.vcxproj", "{A107347B-1932-4E11-B800-7300227827EB}"
	ProjectSection(ProjectDependencies) = postProject
		{AC9DDD5F-3732-3CF7-B7FF-2C95FDC11A40} = {AC9DDD5F-3732-3CF7-B7FF-2C95FDC11A40}
	EndProjectSection
EndProject
Project("{8BC9CEB8-8B4A-11D0-8D11-00A0C91BC942}") = "g3log", "..\g3log\build\g3log.vcxproj", "{AC9DDD5F-3732-3CF7-B7FF-2C95FDC11A40}"
EndProject
Project("{8BC9CEB8-8B4A-11D0-8D11-00A0C91BC942}") = "utils", "..\ZenLib\build\utils\utils.vcxproj", "{FA178B2C-4AF7-38D4-BEE1-B64C8F51CD7A}"
EndProject
Project("{2150E333-8FDC-42A3-9474-1A3956D46DE8}") = "zenlib", "zenlib", "{73F02C43-87C4-452C-9318-A90F08418FAB}"
EndProject
Project("{8BC9CEB8-8B4A-11D0-8D11-00A0C91BC942}") = "vdfs", "..\ZenLib\build\vdfs\vdfs.vcxproj", "{31060F59-C477-3331-A7BD-AB9DF7E9B887}"
EndProject
Project("{8BC9CEB8-8B4A-11D0-8D11-00A0C91BC942}") = "zenload", "..\ZenLib\build\zenload\zenload.vcxproj", "{6FF11C1B-10A7-3967-A36D-6F2DE6E6469F}"
EndProject
Project("{8BC9CEB8-8B4A-11D0-8D11-00A0C91BC942}") = "physfs-static", "..\ZenLib\build\_deps\physfs-build\physfs-static.vcxproj", "{0D836629-5EAD-3E1D-9C28-C8FB4DCB3521}"
EndProject
Project("{8BC9CEB8-8B4A-11D0-8D11-00A0C91BC942}") = "squish", "..\ZenLib\build\_deps\libsquish-build\squish.vcxproj", "{2DF9B6F5-BF8D-3CC8-BBE4-891569248D2F}"
EndProject
Global
	GlobalSection(SolutionConfigurationPlatforms) = preSolution
		Debug|x64 = Debug|x64
		Debug|x86 = Debug|x86
		MinSizeRel|x64 = MinSizeRel|x64
		MinSizeRel|x86 = MinSizeRel|x86
		Release|x64 = Release|x64
		Release|x86 = Release|x86
		RelWithDebInfo|x64 = RelWithDebInfo|x64
		RelWithDebInfo|x86 = RelWithDebInfo|x86
	EndGlobalSection
	GlobalSection(ProjectConfigurationPlatforms) = postSolution
		{A107347B-1932-4E11-B800-7300227827EB}.Debug|x64.ActiveCfg = Debug|x64
		{A107347B-1932-4E11-B800-7300227827EB}.Debug|x64.Build.0 = Debug|x64
		{A107347B-1932-4E11-B800-7300227827EB}.Debug|x86.ActiveCfg = Debug|Win32
		{A107347B-1932-4E11-B800-7300227827EB}.Debug|x86.Build.0 = Debug|Win32
		{A107347B-1932-4E11-B800-7300227827EB}.MinSizeRel|x64.ActiveCfg = Release|x64
		{A107347B-1932-4E11-B800-7300227827EB}.MinSizeRel|x64.Build.0 = Release|x64
		{A107347B-1932-4E11-B800-7300227827EB}.MinSizeRel|x86.ActiveCfg = Release|Win32
		{A107347B-1932-4E11-B800-7300227827EB}.MinSizeRel|x86.Build.0 = Release|Win32
		{A107347B-1932-4E11-B800-7300227827EB}.Release|x64.ActiveCfg = Release|x64
		{A107347B-1932-4E11-B800-7300227827EB}.Release|x64.Build.0 = Release|x64
		{A107347B-1932-4E11-B800-7300227827EB}.Release|x86.ActiveCfg = Release|Win32
		{A107347B-1932-4E11-B800-7300227827EB}.Release|x86.Build.0 = Release|Win32
		{A107347B-1932-4E11-B800-7300227827EB}.RelWithDebInfo|x64.ActiveCfg = Release|x64
		{A107347B-1932-4E11-B800-7300227827EB}.RelWithDebInfo|x64.Build.0 = Release|x64
		{A107347B-1932-4E11-B800-7300227827EB}.RelWithDebInfo|x86.ActiveCfg = Release|Win32
		{A107347B-1932-4E11-B800-7300227827EB}.RelWithDebInfo|x86.Build.0 = Release|Win32
		{AC9DDD5F-3732-3CF7-B7FF-2C95FDC11A40}.Debug|x64.ActiveCfg = Debug|Win32
		{AC9DDD5F-3732-3CF7-B7FF-2C95FDC11A40}.Debug|x86.ActiveCfg = Debug|Win32
		{AC9DDD5F-3732-3CF7-B7FF-2C95FDC11A40}.Debug|x86.Build.0 = Debug|Win32
		{AC9DDD5F-3732-3CF7-B7FF-2C95FDC11A40}.MinSizeRel|x64.ActiveCfg = MinSizeRel|Win32
		{AC9DDD5F-3732-3CF7-B7FF-2C95FDC11A40}.MinSizeRel|x86.ActiveCfg = MinSizeRel|Win32
		{AC9DDD5F-3732-3CF7-B7FF-2C95FDC11A40}.MinSizeRel|x86.Build.0 = MinSizeRel|Win32
		{AC9DDD5F-3732-3CF7-B7FF-2C95FDC11A40}.Release|x64.ActiveCfg = Release|Win32
		{AC9DDD5F-3732-3CF7-B7FF-2C95FDC11A40}.Release|x86.ActiveCfg = Release|Win32
		{AC9DDD5F-3732-3CF7-B7FF-2C95FDC11A40}.Release|x86.Build.0 = Release|Win32
		{AC9DDD5F-3732-3CF7-B7FF-2C95FDC11A40}.RelWithDebInfo|x64.ActiveCfg = RelWithDebInfo|Win32
		{AC9DDD5F-3732-3CF7-B7FF-2C95FDC11A40}.RelWithDebInfo|x86.ActiveCfg = RelWithDebInfo|Win32
		{AC9DDD5F-3732-3CF7-B7FF-2C95FDC11A40}.RelWithDebInfo|x86.Build.0 = RelWithDebInfo|Win32
		{FA178B2C-4AF7-38D4-BEE1-B64C8F51CD7A}.Debug|x64.ActiveCfg = Debug|Win32
		{FA178B2C-4AF7-38D4-BEE1-B64C8F51CD7A}.Debug|x86.ActiveCfg = Debug|Win32
		{FA178B2C-4AF7-38D4-BEE1-B64C8F51CD7A}.Debug|x86.Build.0 = Debug|Win32
		{FA178B2C-4AF7-38D4-BEE1-B64C8F51CD7A}.MinSizeRel|x64.ActiveCfg = MinSizeRel|Win32
		{FA178B2C-4AF7-38D4-BEE1-B64C8F51CD7A}.MinSizeRel|x86.ActiveCfg = MinSizeRel|Win32
		{FA178B2C-4AF7-38D4-BEE1-B64C8F51CD7A}.MinSizeRel|x86.Build.0 = MinSizeRel|Win32
		{FA178B2C-4AF7-38D4-BEE1-B64C8F51CD7A}.Release|x64.ActiveCfg = Release|Win32
		{FA178B2C-4AF7-38D4-BEE1-B64C8F51CD7A}.Release|x86.ActiveCfg = Release|Win32
		{FA178B2C-4AF7-38D4-BEE1-B64C8F51CD7A}.Release|x86.Build.0 = Release|Win32
		{FA178B2C-4AF7-38D4-BEE1-B64C8F51CD7A}.RelWithDebInfo|x64.ActiveCfg = RelWithDebInfo|Win32
		{FA178B2C-4AF7-38D4-BEE1-B64C8F51CD7A}.RelWithDebInfo|x86.ActiveCfg = RelWithDebInfo|Win32
		{FA178B2C-4AF7-38D4-BEE1-B64C8F51CD7A}.RelWithDebInfo|x86.Build.0 = RelWithDebInfo|Win32
		{31060F59-C477-3331-A7BD-AB9DF7E9B887}.Debug|x64.ActiveCfg = Debug|Win32
		{31060F59-C477-3331-A7BD-AB9DF7E9B887}.Debug|x86.ActiveCfg = Debug|Win32
		{31060F59-C477-3331-A7BD-AB9DF7E9B887}.Debug|x86.Build.0 = Debug|Win32
		{31060F59-C477-3331-A7BD-AB9DF7E9B887}.MinSizeRel|x64.ActiveCfg = MinSizeRel|Win32
		{31060F59-C477-3331-A7BD-AB9DF7E9B887}.MinSizeRel|x86.ActiveCfg = MinSizeRel|Win32
		{31060F59-C477-3331-A7BD-AB9DF7E9B887}.MinSizeRel|x86.Build.0 = MinSizeRel|Win32
		{31060F59-C477-3331-A7BD-AB9DF7E9B887}.Release|x64.ActiveCfg = Release|Win32
		{31060F59-C477-3331-A7BD-AB9DF7E9B887}.Release|x86.ActiveCfg = Release|Win32
		{31060F59-C477-3331-A7BD-AB9DF7E9B887}.Release|x86.Build.0 = Release|Win32
		{31060F59-C477-3331-A7BD-AB9DF7E9B887}.RelWithDebInfo|x64.ActiveCfg = RelWithDebInfo|Win32
		{31060F59-C477-3331-A7BD-AB9DF7E9B887}.RelWithDebInfo|x86.ActiveCfg = RelWithDebInfo|Win32
		{31060F59-C477-3331-A7BD-AB9DF7E9B887}.RelWithDebInfo|x86.Build.0 = RelWithDebInfo|Win32
		{6FF11C1B-10A7-3967-A36D-6F2DE6E6469F}.Debug|x64.ActiveCfg = Debug|Win32
		{6FF11C1B-10A7-3967-A36D-6F2DE6E6469F}.Debug|x86.ActiveCfg = Debug|Win32
		{6FF11C1B-10A7-3967-A36D-6F2DE6E6469F}.Debug|x86.Build.0 = Debug|Win32
		{6FF11C1B-10A7-3967-A36D-6F2DE6E6469F}.MinSizeRel|x64.ActiveCfg = MinSizeRel|Win32
		{6FF11C1B-10A7-3967-A36D-6F2DE6E6469F}.MinSizeRel|x86.ActiveCfg = MinSizeRel|Win32
		{6FF11C1B-10A7-3967-A36D-6F2DE6E6469F}.MinSizeRel|x86.Build.0 = MinSizeRel|Win32
		{6FF11C1B-10A7-3967-A36D-6F2DE6E6469F}.Release|x64.ActiveCfg = Release|Win32
		{6FF11C1B-10A7-3967-A36D-6F2DE6E6469F}.Release|x86.ActiveCfg = Release|Win32
		{6FF11C1B-10A7-3967-A36D-6F2DE6E6469F}.Release|x86.Build.0 = Release|Win32
		{6FF11C1B-10A7-3967-A36D-6F2DE6E6469F}.RelWithDebInfo|x64.ActiveCfg = RelWithDebInfo|Win32
		{6FF11C1B-10A7-3967-A36D-6F2DE6E6469F}.RelWithDebInfo|x86.ActiveCfg = RelWithDebInfo|Win32
		{6FF11C1B-10A7-3967-A36D-6F2DE6E6469F}.RelWithDebInfo|x86.Build.0 = RelWithDebInfo|Win32
		{0D836629-5EAD-3E1D-9C28-C8FB4DCB3521}.Debug|x64.ActiveCfg = Debug|Win32
		{0D836629-5EAD-3E1D-9C28-C8FB4DCB3521}.Debug|x86.ActiveCfg = Debug|Win32
		{0D836629-5EAD-3E1D-9C28-C8FB4DCB3521}.Debug|x86.Build.0 = Debug|Win32
		{0D836629-5EAD-3E1D-9C28-C8FB4DCB3521}.MinSizeRel|x64.ActiveCfg = MinSizeRel|Win32
		{0D836629-5EAD-3E1D-9C28-C8FB4DCB3521}.MinSizeRel|x86.ActiveCfg = MinSizeRel|Win32
		{0D836629-5EAD-3E1D-9C28-C8FB4DCB3521}.MinSizeRel|x86.Build.0 = MinSizeRel|Win32
		{0D836629-5EAD-3E1D-9C28-C8FB4DCB3521}.Release|x64.ActiveCfg = Release|Win32
		{0D836629-5EAD-3E1D-9C28-C8FB4DCB3521}.Release|x86.ActiveCfg = Release|Win32
		{0D836629-5EAD-3E1D-9C28-C8FB4DCB3521}.Release|x86.Build.0 = Release|Win32
		{0D836629-5EAD-3E1D-9C28-C8FB4DCB3521}.RelWithDebInfo|x64.ActiveCfg = RelWithDebInfo|Win32
		{0D836629-5EAD-3E1D-9C28-C8FB4DCB3521}.RelWithDebInfo|x86.ActiveCfg = RelWithDebInfo|Win32
		{0D836629-5EAD-3E1D-9C28-C8FB4DCB3521}.RelWithDebInfo|x86.Build.0 = RelWithDebInfo|Win32
		{2DF9B6F5-BF8D-3CC8-BBE4-891569248D2F}.Debug|x64.ActiveCfg = Debug|Win32
		{2DF9B6F5-BF8D-3CC8-BBE4-891569248D2F}.Debug|x86.ActiveCfg = Debug|Win32
		{2DF9B6F5-BF8D-3CC8-BBE4-891569248D2F}.Debug|x86.Build.0 = Debug|Win32
		{2DF9B6F5-BF8D-3CC8-BBE4-891569248D2F}.MinSizeRel|x64.ActiveCfg = MinSizeRel|Win32
		{2DF9B6F5-BF8D-3CC8-BBE4-891569248D2F}.MinSizeRel|x86.ActiveCfg = MinSizeRel|Win32
		{2DF9B6F5-BF8D-3CC8-BBE4-891569248D2F}.MinSizeRel|x86.Build.0 = MinSizeRel|Win32
		{2DF9B6F5-BF8D-3CC8-BBE4-891569248D2F}.Release|x64.ActiveCfg = Release|Win32
		{2DF9B6F5-BF8D-3CC8-BBE4-891569248D2F}.Release|x86.ActiveCfg = Release|Win32
		{2DF9B6F5-BF8D-3CC8-BBE4-891569248D2F}.Release|x86.Build.0 = Release|Win32
		{2DF9B6F5-BF8D-3CC8-BBE4-891569248D2F}.RelWithDebInfo|x64.ActiveCfg = RelWithDebInfo|Win32
		{2DF9B6F5-BF8D-3CC8-BBE4-891569248D2F}.RelWithDebInfo|x86.ActiveCfg = RelWithDebInfo|Win32
		{2DF9B6F5-BF8D-3CC8-BBE4-891569248D2F}.RelWithDebInfo|x86.Build.0 = RelWithDebInfo|Win32
	EndGlobalSection
	GlobalSection(SolutionProperties) = preSolution
		HideSolutionNode = FALSE
	EndGlobalSection
	GlobalSection(NestedProjects) = preSolution
		{FA178B2C-4AF7-38D4-BEE1-B64C8F51CD7A} = {73F02C43-87C4-452C-9318-A90F08418FAB}
		{31060F59-C477-3331-A7BD-AB9DF7E9B887} = {73F02C43-87C4-452C-9318-A90F08418FAB}
		{6FF11C1B-10A7-3967-A36D-6F2DE6E6469F} = {73F02C43-87C4-452C-9318-A90F08418FAB}
		{0D836629-5EAD-3E1D-9C28-C8FB4DCB3521} = {73F02C43-87C4-452C-9318-A90F08418FAB}
		{2DF9B6F5-BF8D-3CC8-BBE4-891569248D2F} = {73F02C43-87C4-452C-9318-A90F08418FAB}
	EndGlobalSection
	GlobalSection(ExtensibilityGlobals) = postSolution
		SolutionGuid = {4F3EAE44-5AA7-4C0D-84BB-B0279922355D}
	EndGlobalSection
EndGlobal
